
Microsoft Visual Studio Solution File, Format Version 12.00
# Visual Studio Version 16
VisualStudioVersion = 16.0.28606.126
MinimumVisualStudioVersion = 10.0.40219.1
Project("{9A19103F-16F7-4668-BE54-9A1E7A4F7556}") = "Aurelia.DotNet.Spa", "Aurelia.DotNet.Spa\Aurelia.DotNet.Spa.csproj", "{3B2584F5-AB37-4B90-BC83-EF8B742127DB}"
EndProject
Project("{FAE04EC0-301F-11D3-BF4B-00C04F79EFBC}") = "Aurelia.DotNet.Extensions", "Aurelia.Tools.DotNet.Extensions\Aurelia.DotNet.Extensions.csproj", "{56ED6E81-C947-4E69-8726-1E5DB7A23BB4}"
EndProject
Global
	GlobalSection(SolutionConfigurationPlatforms) = preSolution
		Debug|Any CPU = Debug|Any CPU
		Release|Any CPU = Release|Any CPU
	EndGlobalSection
	GlobalSection(ProjectConfigurationPlatforms) = postSolution
		{3B2584F5-AB37-4B90-BC83-EF8B742127DB}.Debug|Any CPU.ActiveCfg = Debug|Any CPU
		{3B2584F5-AB37-4B90-BC83-EF8B742127DB}.Debug|Any CPU.Build.0 = Debug|Any CPU
		{3B2584F5-AB37-4B90-BC83-EF8B742127DB}.Release|Any CPU.ActiveCfg = Release|Any CPU
		{3B2584F5-AB37-4B90-BC83-EF8B742127DB}.Release|Any CPU.Build.0 = Release|Any CPU
		{56ED6E81-C947-4E69-8726-1E5DB7A23BB4}.Debug|Any CPU.ActiveCfg = Debug|Any CPU
		{56ED6E81-C947-4E69-8726-1E5DB7A23BB4}.Debug|Any CPU.Build.0 = Debug|Any CPU
		{56ED6E81-C947-4E69-8726-1E5DB7A23BB4}.Release|Any CPU.ActiveCfg = Release|Any CPU
		{56ED6E81-C947-4E69-8726-1E5DB7A23BB4}.Release|Any CPU.Build.0 = Release|Any CPU
	EndGlobalSection
	GlobalSection(SolutionProperties) = preSolution
		HideSolutionNode = FALSE
	EndGlobalSection
	GlobalSection(ExtensibilityGlobals) = postSolution
		SolutionGuid = {7EBD1A84-4D58-4832-AB8B-B2383A35C95A}
	EndGlobalSection
EndGlobal
