
Microsoft Visual Studio Solution File, Format Version 12.00
# Visual Studio Version 16
VisualStudioVersion = 16.0.28606.126
MinimumVisualStudioVersion = 10.0.40219.1
Project("{FAE04EC0-301F-11D3-BF4B-00C04F79EFBC}") = "Aurelia.DotNet.VSIX", "Aurelia.DotNet.VSIX\Aurelia.DotNet.VSIX.csproj", "{06C95052-337E-4F4D-A9CB-745FD15B9D5C}"
EndProject
Project("{9A19103F-16F7-4668-BE54-9A1E7A4F7556}") = "Aurelia.DotNet", "Aurelia.DotNet.Extensions\Aurelia.DotNet.csproj", "{4924B8EB-29A0-4723-8BB9-0C3AB2E3D075}"
EndProject
Project("{FAE04EC0-301F-11D3-BF4B-00C04F79EFBC}") = "Aurelia.DotNet.Template", "Aurelia.DotNet.Template\Aurelia.DotNet.Template.csproj", "{14BBFAE6-E3B1-49E9-BCCA-1D8A9CF60329}"
EndProject
Project("{FAE04EC0-301F-11D3-BF4B-00C04F79EFBC}") = "Aurelia.DotNet.Wizard", "Aurelia.Dotnet.Wizard\Aurelia.DotNet.Wizard.csproj", "{16B94BF4-1F00-4C4C-BDA9-9D074A532D83}"
EndProject
Project("{2150E333-8FDC-42A3-9474-1A3956D46DE8}") = "VSCodeSnippets", "VSCodeSnippets", "{0B460B22-0415-4C4F-A815-F1438BA1FF8F}"
EndProject
Project("{2150E333-8FDC-42A3-9474-1A3956D46DE8}") = "VSCodeExtensions", "VSCodeExtensions", "{B1C57735-6FD3-4AB4-8553-C02BC6544168}"
EndProject
Project("{FAE04EC0-301F-11D3-BF4B-00C04F79EFBC}") = "Aurelia.DotNet.ItemTemplates", "Aurelia.DotNet.ItemTemplates\Aurelia.DotNet.ItemTemplates.csproj", "{FB3E01ED-5F59-428A-BD49-059140EC12BB}"
EndProject
Project("{2150E333-8FDC-42A3-9474-1A3956D46DE8}") = "Images", "Images", "{A971A60C-1C3C-42EB-9959-8F23CD3D77F8}"
	ProjectSection(SolutionItems) = preProject
		Images\aurelia-logo.png = Images\aurelia-logo.png
		Images\aurelia.ico = Images\aurelia.ico
	EndProjectSection
EndProject
Project("{2150E333-8FDC-42A3-9474-1A3956D46DE8}") = "TemplateConfigs", "TemplateConfigs", "{532048D5-0944-4510-B41C-C2C639B7595E}"
	ProjectSection(SolutionItems) = preProject
		NugetTemplates\Aurelia.DotNet.Spa\content\Dockerfile = NugetTemplates\Aurelia.DotNet.Spa\content\Dockerfile
		NugetTemplates\Aurelia.DotNet.Spa\content\GenerateAureliaCLI.ps1 = NugetTemplates\Aurelia.DotNet.Spa\content\GenerateAureliaCLI.ps1
		NugetTemplates\Aurelia.DotNet.Spa\content\GenerateAureliaCLI.sh = NugetTemplates\Aurelia.DotNet.Spa\content\GenerateAureliaCLI.sh
		NugetTemplates\Aurelia.DotNet.Spa\content\.template.config\template.json = NugetTemplates\Aurelia.DotNet.Spa\content\.template.config\template.json
	EndProjectSection
EndProject
Project("{9A19103F-16F7-4668-BE54-9A1E7A4F7556}") = "Aurelia.RouteGenerator", "Aurelia.RouteGenerator\Aurelia.RouteGenerator.csproj", "{243C1D24-B9F6-4C2A-A862-9EE0557C347E}"
EndProject
Project("{2150E333-8FDC-42A3-9474-1A3956D46DE8}") = "ThirdPartyDlls", "ThirdPartyDlls", "{71A75EEF-32DD-4C2B-8AE1-1DF7A0130962}"
	ProjectSection(SolutionItems) = preProject
		Newtonsoft.Json.dll = Newtonsoft.Json.dll
	EndProjectSection
EndProject
Project("{9A19103F-16F7-4668-BE54-9A1E7A4F7556}") = "Aurelia.DotNet.Spa", "NugetTemplates\Aurelia.DotNet.Spa\content\Aurelia.DotNet.Spa\Aurelia.DotNet.Spa.csproj", "{E7DB0BAE-19EE-4ECC-B2A4-880CB7020987}"
EndProject
Project("{9A19103F-16F7-4668-BE54-9A1E7A4F7556}") = "Aurelia.DotNet.Logic", "NugetTemplates\Aurelia.DotNet.Spa\content\Aurelia.DotNet.Logic\Aurelia.DotNet.Logic.csproj", "{B0A29678-693E-4670-8D8A-AA18AE0FFD64}"
EndProject
Project("{9A19103F-16F7-4668-BE54-9A1E7A4F7556}") = "Aurelia.DotNet.Models", "NugetTemplates\Aurelia.DotNet.Spa\content\Aurelia.DotNet.Models\Aurelia.DotNet.Models.csproj", "{5D1B3EF3-7F2B-4ADC-8195-8D2CE911AE94}"
EndProject
Project("{9A19103F-16F7-4668-BE54-9A1E7A4F7556}") = "Aurelia.DotNet.DataAccess", "NugetTemplates\Aurelia.DotNet.Spa\content\Aurelia.DotNet.DataAccess\Aurelia.DotNet.DataAccess.csproj", "{8BB8BFF1-DFA9-4F32-9B93-19DE957744D2}"
EndProject
Global
	GlobalSection(SolutionConfigurationPlatforms) = preSolution
		Debug|Any CPU = Debug|Any CPU
		Release|Any CPU = Release|Any CPU
	EndGlobalSection
	GlobalSection(ProjectConfigurationPlatforms) = postSolution
		{06C95052-337E-4F4D-A9CB-745FD15B9D5C}.Debug|Any CPU.ActiveCfg = Debug|Any CPU
		{06C95052-337E-4F4D-A9CB-745FD15B9D5C}.Debug|Any CPU.Build.0 = Debug|Any CPU
		{06C95052-337E-4F4D-A9CB-745FD15B9D5C}.Release|Any CPU.ActiveCfg = Release|Any CPU
		{06C95052-337E-4F4D-A9CB-745FD15B9D5C}.Release|Any CPU.Build.0 = Release|Any CPU
		{4924B8EB-29A0-4723-8BB9-0C3AB2E3D075}.Debug|Any CPU.ActiveCfg = Debug|Any CPU
		{4924B8EB-29A0-4723-8BB9-0C3AB2E3D075}.Debug|Any CPU.Build.0 = Debug|Any CPU
		{4924B8EB-29A0-4723-8BB9-0C3AB2E3D075}.Release|Any CPU.ActiveCfg = Release|Any CPU
		{4924B8EB-29A0-4723-8BB9-0C3AB2E3D075}.Release|Any CPU.Build.0 = Release|Any CPU
		{14BBFAE6-E3B1-49E9-BCCA-1D8A9CF60329}.Debug|Any CPU.ActiveCfg = Debug|Any CPU
		{14BBFAE6-E3B1-49E9-BCCA-1D8A9CF60329}.Debug|Any CPU.Build.0 = Debug|Any CPU
		{14BBFAE6-E3B1-49E9-BCCA-1D8A9CF60329}.Release|Any CPU.ActiveCfg = Release|Any CPU
		{14BBFAE6-E3B1-49E9-BCCA-1D8A9CF60329}.Release|Any CPU.Build.0 = Release|Any CPU
		{16B94BF4-1F00-4C4C-BDA9-9D074A532D83}.Debug|Any CPU.ActiveCfg = Debug|Any CPU
		{16B94BF4-1F00-4C4C-BDA9-9D074A532D83}.Debug|Any CPU.Build.0 = Debug|Any CPU
		{16B94BF4-1F00-4C4C-BDA9-9D074A532D83}.Release|Any CPU.ActiveCfg = Release|Any CPU
		{16B94BF4-1F00-4C4C-BDA9-9D074A532D83}.Release|Any CPU.Build.0 = Release|Any CPU
		{FB3E01ED-5F59-428A-BD49-059140EC12BB}.Debug|Any CPU.ActiveCfg = Debug|Any CPU
		{FB3E01ED-5F59-428A-BD49-059140EC12BB}.Debug|Any CPU.Build.0 = Debug|Any CPU
		{FB3E01ED-5F59-428A-BD49-059140EC12BB}.Release|Any CPU.ActiveCfg = Release|Any CPU
		{FB3E01ED-5F59-428A-BD49-059140EC12BB}.Release|Any CPU.Build.0 = Release|Any CPU
		{243C1D24-B9F6-4C2A-A862-9EE0557C347E}.Debug|Any CPU.ActiveCfg = Debug|Any CPU
		{243C1D24-B9F6-4C2A-A862-9EE0557C347E}.Debug|Any CPU.Build.0 = Debug|Any CPU
		{243C1D24-B9F6-4C2A-A862-9EE0557C347E}.Release|Any CPU.ActiveCfg = Release|Any CPU
		{243C1D24-B9F6-4C2A-A862-9EE0557C347E}.Release|Any CPU.Build.0 = Release|Any CPU
		{E7DB0BAE-19EE-4ECC-B2A4-880CB7020987}.Debug|Any CPU.ActiveCfg = Debug|Any CPU
		{E7DB0BAE-19EE-4ECC-B2A4-880CB7020987}.Debug|Any CPU.Build.0 = Debug|Any CPU
		{E7DB0BAE-19EE-4ECC-B2A4-880CB7020987}.Release|Any CPU.ActiveCfg = Release|Any CPU
		{E7DB0BAE-19EE-4ECC-B2A4-880CB7020987}.Release|Any CPU.Build.0 = Release|Any CPU
		{B0A29678-693E-4670-8D8A-AA18AE0FFD64}.Debug|Any CPU.ActiveCfg = Debug|Any CPU
		{B0A29678-693E-4670-8D8A-AA18AE0FFD64}.Debug|Any CPU.Build.0 = Debug|Any CPU
		{B0A29678-693E-4670-8D8A-AA18AE0FFD64}.Release|Any CPU.ActiveCfg = Release|Any CPU
		{B0A29678-693E-4670-8D8A-AA18AE0FFD64}.Release|Any CPU.Build.0 = Release|Any CPU
		{5D1B3EF3-7F2B-4ADC-8195-8D2CE911AE94}.Debug|Any CPU.ActiveCfg = Debug|Any CPU
		{5D1B3EF3-7F2B-4ADC-8195-8D2CE911AE94}.Debug|Any CPU.Build.0 = Debug|Any CPU
		{5D1B3EF3-7F2B-4ADC-8195-8D2CE911AE94}.Release|Any CPU.ActiveCfg = Release|Any CPU
		{5D1B3EF3-7F2B-4ADC-8195-8D2CE911AE94}.Release|Any CPU.Build.0 = Release|Any CPU
		{8BB8BFF1-DFA9-4F32-9B93-19DE957744D2}.Debug|Any CPU.ActiveCfg = Debug|Any CPU
		{8BB8BFF1-DFA9-4F32-9B93-19DE957744D2}.Debug|Any CPU.Build.0 = Debug|Any CPU
		{8BB8BFF1-DFA9-4F32-9B93-19DE957744D2}.Release|Any CPU.ActiveCfg = Release|Any CPU
		{8BB8BFF1-DFA9-4F32-9B93-19DE957744D2}.Release|Any CPU.Build.0 = Release|Any CPU
	EndGlobalSection
	GlobalSection(SolutionProperties) = preSolution
		HideSolutionNode = FALSE
	EndGlobalSection
	GlobalSection(ExtensibilityGlobals) = postSolution
		SolutionGuid = {7EBD1A84-4D58-4832-AB8B-B2383A35C95A}
	EndGlobalSection
EndGlobal
